# THIS IS AN AUTOGENERATED FILE. DO NOT EDIT THIS FILE DIRECTLY.
# yarn lockfile v1


fuse.js@^3.3.0:
  version "3.3.0"
  resolved "https://registry.yarnpkg.com/fuse.js/-/fuse.js-3.3.0.tgz#1e4fe172a60687230fb54a5cb247eb96e2e7e885"
  integrity sha512-ESBRkGLWMuVkapqYCcNO1uqMg5qbCKkgb+VS6wsy17Rix0/cMS9kSOZoYkjH8Ko//pgJ/EEGu0GTjk2mjX2LGQ==
